{
  "object": {
    "pins": [
      {
        "package": "GhostTypewriter",
        "repositoryURL": "https://github.com/wibosco/GhostTypewriter.git",
        "state": {
          "branch": null,
          "revision": "878f4785c805b332454beedeaa145c524d059f64",
          "version": "2.1.0"
        }
      }
    ]
  },
  "version": 1
}
